
Microsoft Visual Studio Solution File, Format Version 12.00
# Visual Studio Version 16
VisualStudioVersion = 16.0.31321.278
MinimumVisualStudioVersion = 10.0.40219.1
Project("{FAE04EC0-301F-11D3-BF4B-00C04F79EFBC}") = "Prova", "Prova\Prova.csproj", "{AC65FF2A-5ACF-4509-8B84-A62D1372FD46}"
EndProject
Global
	GlobalSection(SolutionConfigurationPlatforms) = preSolution
		Debug|Any CPU = Debug|Any CPU
		Release|Any CPU = Release|Any CPU
	EndGlobalSection
	GlobalSection(ProjectConfigurationPlatforms) = postSolution
		{AC65FF2A-5ACF-4509-8B84-A62D1372FD46}.Debug|Any CPU.ActiveCfg = Debug|Any CPU
		{AC65FF2A-5ACF-4509-8B84-A62D1372FD46}.Debug|Any CPU.Build.0 = Debug|Any CPU
		{AC65FF2A-5ACF-4509-8B84-A62D1372FD46}.Release|Any CPU.ActiveCfg = Release|Any CPU
		{AC65FF2A-5ACF-4509-8B84-A62D1372FD46}.Release|Any CPU.Build.0 = Release|Any CPU
	EndGlobalSection
	GlobalSection(SolutionProperties) = preSolution
		HideSolutionNode = FALSE
	EndGlobalSection
	GlobalSection(ExtensibilityGlobals) = postSolution
		SolutionGuid = {C3ADBBBA-EF76-47AC-BD1B-65DE3A4ACA91}
	EndGlobalSection
EndGlobal
